# This file is autogenerated, do not edit; changes may be undone by the next 'dep ensure'.


[[projects]]
  digest = "1:15042ad3498153684d09f393bbaec6b216c8eec6d61f63dff711de7d64ed8861"
  name = "github.com/golang/protobuf"
  packages = ["proto"]
  pruneopts = "UT"
  revision = "b4deda0973fb4c70b50d226b1af49f3da59f5265"
  version = "v1.1.0"

[[projects]]
  branch = "master"
  digest = "1:4bb7ebe6b9b2aa64aca3fcc5d35380348b2d5fc3fe5d3f540b85947a02641186"
  name = "github.com/lestrrat-go/bufferpool"
  packages = ["."]
  pruneopts = "UT"
  revision = "e7784e1b3e37191cf8ffaf14170f2703cd96c2cd"

[[projects]]
  branch = "master"
  digest = "1:d78c48eb05f29b6c4372e2a84c578f0f4f189edc6ae5a2dbfb50ce2b571c1cc3"
  name = "github.com/lestrrat-go/msgpack"
  packages = ["."]
  pruneopts = "UT"
  revision = "794e2270889028825eb212dbbe884935a20b77fb"

[[projects]]
  digest = "1:40e195917a951a8bf867cd05de2a46aaf1806c50cf92eebf4c16f78cd196f747"
  name = "github.com/pkg/errors"
  packages = ["."]
  pruneopts = "UT"
  revision = "645ef00459ed84a119197bfb8d8205042c6df63d"
  version = "v0.8.0"

[[projects]]
  digest = "1:e0357d0720bde0ac7bec1cfac13ba03c53193d7c11eeea9bb251fe278ebeae62"
  name = "github.com/vmihailenco/msgpack"
  packages = ["codes"]
  pruneopts = "UT"
  revision = "b5e691b1eb52a28c05e67ab9df303626c095c23b"
  version = "v3.3.3"

[[projects]]
  branch = "master"
  digest = "1:76ee51c3f468493aff39dbacc401e8831fbb765104cbf613b89bef01cf4bad70"
  name = "golang.org/x/net"
  packages = ["context"]
  pruneopts = "UT"
  revision = "3673e40ba22529d22c3fd7c93e97b0ce50fa7bdd"

[[projects]]
  digest = "1:e035746398055c893b89370aa82b8e7ffb4940b689c6e5626300591e5a33d83d"
  name = "google.golang.org/appengine"
  packages = [
    ".",
    "datastore",
    "internal",
    "internal/app_identity",
    "internal/base",
    "internal/datastore",
    "internal/log",
    "internal/modules",
    "internal/remote_api",
  ]
  pruneopts = "UT"
  revision = "b1f26356af11148e710935ed1ac8a7f5702c7612"
  version = "v1.1.0"

[[projects]]
  digest = "1:b89319d4336ab7c3124a441868cafa01e730967e16d9af8bc477dae496b371b0"
  name = "gopkg.in/vmihailenco/msgpack.v3"
  packages = ["."]
  pruneopts = "UT"
  revision = "b5e691b1eb52a28c05e67ab9df303626c095c23b"
  source = "github.com/vmihailenco/msgpack"
  version = "v3.3.3"

[solve-meta]
  analyzer-name = "dep"
  analyzer-version = 1
  input-imports = [
    "github.com/lestrrat-go/msgpack",
    "github.com/pkg/errors",
    "gopkg.in/vmihailenco/msgpack.v3",
  ]
  solver-name = "gps-cdcl"
  solver-version = 1
