# This file is autogenerated, do not edit; changes may be undone by the next 'dep ensure'.


[[projects]]
  digest = "1:a2c1d0e43bd3baaa071d1b9ed72c27d78169b2b269f71c105ac4ba34b1be4a39"
  name = "github.com/davecgh/go-spew"
  packages = ["spew"]
  pruneopts = "NUT"
  revision = "346938d642f2ec3594ed81d874461961cd0faa76"
  version = "v1.1.0"

[[projects]]
  branch = "master"
  digest = "1:fcd865894ce87bcf6499e5d2db3526679e3ab1ae454f48070ebaf983efd20665"
  name = "github.com/fatih/camelcase"
  packages = ["."]
  pruneopts = "NUT"
  revision = "44e46d280b43ec1531bb25252440e34f1b800b65"

[[projects]]
  branch = "master"
  digest = "1:f1c9e12ea8f23a1c67bdbf2d75f8660ad79ef76ac5339c2dfc18d2d4ac955228"
  name = "github.com/lestrrat-go/config"
  packages = [
    "env",
    "env/internal/structtag",
  ]
  pruneopts = "NUT"
  revision = "356432950c1424cc75098192e334615987b44bec"

[[projects]]
  branch = "master"
  digest = "1:839df0763ae8734698042df1209db01e658530ee20b47dde9e1727511e6abfca"
  name = "github.com/lestrrat-go/envload"
  packages = ["."]
  pruneopts = "NUT"
  revision = "a3eb8ddeffccdbca0eb6dd6cc7c7950c040a6546"

[[projects]]
  branch = "master"
  digest = "1:b9c8c629d0a86a2a1e59620e4e85d1e1f6e5ffe1deb3b140c7bafcfea3b62ce5"
  name = "github.com/lestrrat-go/pdebug"
  packages = ["."]
  pruneopts = "NUT"
  revision = "39f9a71bcabe9432cbdfe4d3d33f41988acd2ce6"

[[projects]]
  digest = "1:5cf3f025cbee5951a4ee961de067c8a89fc95a5adabead774f82822efabab121"
  name = "github.com/pkg/errors"
  packages = ["."]
  pruneopts = "NUT"
  revision = "645ef00459ed84a119197bfb8d8205042c6df63d"
  version = "v0.8.0"

[[projects]]
  digest = "1:0028cb19b2e4c3112225cd871870f2d9cf49b9b4276531f03438a88e94be86fe"
  name = "github.com/pmezard/go-difflib"
  packages = ["difflib"]
  pruneopts = "NUT"
  revision = "792786c7400a136282c1664665ae0a8db921c6c2"
  version = "v1.0.0"

[[projects]]
  digest = "1:bacb8b590716ab7c33f2277240972c9582d389593ee8d66fc10074e0508b8126"
  name = "github.com/stretchr/testify"
  packages = ["assert"]
  pruneopts = "NUT"
  revision = "f35b8ab0b5a2cef36673838d662e249dd9c94686"
  version = "v1.2.2"

[[projects]]
  branch = "master"
  digest = "1:76ee51c3f468493aff39dbacc401e8831fbb765104cbf613b89bef01cf4bad70"
  name = "golang.org/x/net"
  packages = ["context"]
  pruneopts = "NUT"
  revision = "3673e40ba22529d22c3fd7c93e97b0ce50fa7bdd"

[solve-meta]
  analyzer-name = "dep"
  analyzer-version = 1
  input-imports = [
    "github.com/lestrrat-go/config/env",
    "github.com/lestrrat-go/envload",
    "github.com/pkg/errors",
    "github.com/stretchr/testify/assert",
  ]
  solver-name = "gps-cdcl"
  solver-version = 1
